
Microsoft Visual Studio Solution File, Format Version 12.00
# Visual Studio Version 17
VisualStudioVersion = 17.9.34728.123
MinimumVisualStudioVersion = 10.0.40219.1
Project("{FAE04EC0-301F-11D3-BF4B-00C04F79EFBC}") = "TxROS_TwistSubscriber", "TxROS_TwistSubscriber.csproj", "{0C734F64-C57C-4C42-9A94-424A4DB0FE49}"
EndProject
Global
	GlobalSection(SolutionConfigurationPlatforms) = preSolution
		Debug|Any CPU = Debug|Any CPU
		Release|Any CPU = Release|Any CPU
	EndGlobalSection
	GlobalSection(ProjectConfigurationPlatforms) = postSolution
		{0C734F64-C57C-4C42-9A94-424A4DB0FE49}.Debug|Any CPU.ActiveCfg = Debug|Any CPU
		{0C734F64-C57C-4C42-9A94-424A4DB0FE49}.Debug|Any CPU.Build.0 = Debug|Any CPU
		{0C734F64-C57C-4C42-9A94-424A4DB0FE49}.Release|Any CPU.ActiveCfg = Release|Any CPU
		{0C734F64-C57C-4C42-9A94-424A4DB0FE49}.Release|Any CPU.Build.0 = Release|Any CPU
	EndGlobalSection
	GlobalSection(SolutionProperties) = preSolution
		HideSolutionNode = FALSE
	EndGlobalSection
	GlobalSection(ExtensibilityGlobals) = postSolution
		SolutionGuid = {6ACCDD52-3A71-46BB-BB23-210A124D1826}
	EndGlobalSection
EndGlobal
